hash: 1970bd5278ca3e3114bfa6bb5ddcd05aac1fcaed54d0a4846516a00895a845a3
updated: 2017-12-12T14:27:21.488822206-05:00
imports:
- name: bitbucket.org/ww/goautoneg
  version: 75cd24fc2f2c2a2088577d12123ddee5f54e0675
- name: github.com/apcera/gssapi
  version: 5fb4217df13b8e6878046fe1e5c10e560e1b86dc
- name: github.com/aws/aws-sdk-go
  version: 90dec2183a5f5458ee79cbaf4b8e9ab910bc81a6
  subpackages:
  - aws
  - aws/awserr
  - aws/awsutil
  - aws/client
  - aws/client/metadata
  - aws/corehandlers
  - aws/credentials
  - aws/credentials/ec2rolecreds
  - aws/defaults
  - aws/ec2metadata
  - aws/request
  - aws/session
  - aws/signer/v4
  - private/endpoints
  - private/protocol
  - private/protocol/query
  - private/protocol/query/queryutil
  - private/protocol/rest
  - private/protocol/restxml
  - private/protocol/xml/xmlutil
  - private/waiter
  - service/cloudfront/sign
  - service/s3
  - vendor/github.com/go-ini/ini
  - vendor/github.com/jmespath/go-jmespath
- name: github.com/Azure/azure-sdk-for-go
  version: 0b5fe2abe0271ba07049eacaa65922d67c319543
  subpackages:
  - storage
- name: github.com/Azure/go-ansiterm
  version: 70b2c90b260171e829f1ebd7c17f600c11858dbe
  subpackages:
  - winterm
- name: github.com/beorn7/perks
  version: 3ac7bf7a47d159a033b107610db8a1b6575507a4
  subpackages:
  - quantile
- name: github.com/blang/semver
  version: 2ee87856327ba09384cabd113bc6b5d174e9ec0f
- name: github.com/bshuster-repo/logrus-logstash-hook
  version: 0e6d502573042a6563419fbcce4f284600bfe929
- name: github.com/certifi/gocertifi
  version: a4ab0227d360091084658029ec8ae45f989fba3e
- name: github.com/cloudflare/cfssl
  version: fca70798646c8689aeae5928d4ad1278ff8a3c17
  repo: https://github.com/openshift/cloudflare-cfssl
- name: github.com/davecgh/go-spew
  version: 782f4967f2dc4564575ca782fe2d04090b5faca8
  subpackages:
  - spew
- name: github.com/denverdino/aliyungo
  version: afedced274aa9a7fcdd47ac97018f0f8db4e5de2
  subpackages:
  - common
  - oss
  - util
- name: github.com/docker/distribution
  version: 632d0beac414091a582d7a2d2c8e55ac83788e5b
  repo: git@github.com:openshift/docker-distribution
  subpackages:
  - configuration
  - context
  - digest
  - health
  - health/checks
  - manifest
  - manifest/manifestlist
  - manifest/schema1
  - manifest/schema2
  - notifications
  - reference
  - registry/api/errcode
  - registry/api/v2
  - registry/auth
  - registry/auth/htpasswd
  - registry/auth/token
  - registry/client
  - registry/client/auth
  - registry/client/auth/challenge
  - registry/client/transport
  - registry/handlers
  - registry/middleware/registry
  - registry/middleware/repository
  - registry/proxy
  - registry/proxy/scheduler
  - registry/storage
  - registry/storage/cache
  - registry/storage/cache/memory
  - registry/storage/cache/redis
  - registry/storage/driver
  - registry/storage/driver/azure
  - registry/storage/driver/base
  - registry/storage/driver/factory
  - registry/storage/driver/filesystem
  - registry/storage/driver/gcs
  - registry/storage/driver/inmemory
  - registry/storage/driver/middleware
  - registry/storage/driver/middleware/cloudfront
  - registry/storage/driver/oss
  - registry/storage/driver/s3-aws
  - registry/storage/driver/swift
  - uuid
  - version
- name: github.com/docker/docker
  version: 092cba3727bb9b4a2f0e922cd6c0f93ea270e363
  subpackages:
  - api/types
  - api/types/blkiodev
  - api/types/container
  - api/types/events
  - api/types/filters
  - api/types/mount
  - api/types/network
  - api/types/reference
  - api/types/registry
  - api/types/strslice
  - api/types/swarm
  - api/types/time
  - api/types/versions
  - api/types/volume
  - client
  - pkg/archive
  - pkg/fileutils
  - pkg/idtools
  - pkg/ioutils
  - pkg/longpath
  - pkg/pools
  - pkg/promise
  - pkg/system
  - pkg/term
  - pkg/term/windows
  - pkg/tlsconfig
- name: github.com/docker/go-connections
  version: 3ede32e2033de7505e6500d6c868c2b9ed9f169d
  subpackages:
  - nat
  - sockets
  - tlsconfig
- name: github.com/docker/go-units
  version: 0dadbb0345b35ec7ef35e228dabb8de89a65bf52
- name: github.com/docker/libtrust
  version: fa567046d9b14f6aa788882a950d69651d230b21
- name: github.com/docker/spdystream
  version: 449fdfce4d962303d702fec724ef0ad181c92528
  subpackages:
  - spdy
- name: github.com/emicklei/go-restful
  version: ff4f55a206334ef123e4f79bbf348980da81ca46
  subpackages:
  - log
- name: github.com/emicklei/go-restful-swagger12
  version: 885875a92c2ab7d6222e257e41f6ca2c1f010b4e
  repo: https://github.com/openshift/emicklei-go-restful-swagger12
- name: github.com/fsouza/go-dockerclient
  version: 3f9370a4738ba8d0ed6eea63582ca6db5eb48032
  subpackages:
  - external/github.com/Sirupsen/logrus
  - external/github.com/docker/docker/opts
  - external/github.com/docker/docker/pkg/archive
  - external/github.com/docker/docker/pkg/fileutils
  - external/github.com/docker/docker/pkg/homedir
  - external/github.com/docker/docker/pkg/idtools
  - external/github.com/docker/docker/pkg/ioutils
  - external/github.com/docker/docker/pkg/longpath
  - external/github.com/docker/docker/pkg/pools
  - external/github.com/docker/docker/pkg/promise
  - external/github.com/docker/docker/pkg/stdcopy
  - external/github.com/docker/docker/pkg/system
  - external/github.com/docker/go-units
  - external/github.com/hashicorp/go-cleanhttp
  - external/github.com/opencontainers/runc/libcontainer/user
  - external/golang.org/x/net/context
  - external/golang.org/x/sys/unix
- name: github.com/garyburd/redigo
  version: 535138d7bcd717d6531c701ef5933d98b1866257
  subpackages:
  - internal
  - redis
- name: github.com/getsentry/raven-go
  version: 32a13797442ccb601b11761d74232773c1402d14
- name: github.com/ghodss/yaml
  version: 73d445a93680fa1a78ae23a5839bad48f32ba1ee
- name: github.com/go-ini/ini
  version: 2e44421e256d82ebbf3d4d4fcabe8930b905eff3
- name: github.com/go-openapi/jsonpointer
  version: 46af16f9f7b149af66e5d1bd010e3574dc06de98
- name: github.com/go-openapi/jsonreference
  version: 13c6e3589ad90f49bd3e3bbe2c2cb3d7a4142272
- name: github.com/go-openapi/spec
  version: 6aced65f8501fe1217321abf0749d354824ba2ff
- name: github.com/go-openapi/swag
  version: 1d0bd113de87027671077d3c71eb3ac5d7dbba72
- name: github.com/gogo/protobuf
  version: c0656edd0d9eab7c66d1eb0c568f9039345796f7
  subpackages:
  - proto
  - sortkeys
- name: github.com/golang/glog
  version: 23def4e6c14b4da8ac2ed8007337bc5eb5007998
- name: github.com/golang/protobuf
  version: 4bd1920723d7b7c925de087aa32e2187708897f7
  subpackages:
  - jsonpb
  - proto
  - ptypes
  - ptypes/any
  - ptypes/duration
  - ptypes/timestamp
- name: github.com/google/btree
  version: 7d79101e329e5a3adf994758c578dab82b90c017
- name: github.com/google/cadvisor
  version: c683567ed073eb6bcab81cccee79cd64a0e33811
  repo: git@github.com:openshift/google-cadvisor
- name: github.com/google/certificate-transparency
  version: f9b891ace55b3d45f6c40d313b3b7a5fc258f96b
  repo: git@github.com:openshift/google-certificate-transparency
- name: github.com/google/gofuzz
  version: 44d81051d367757e1c7c6a5a86423ece9afcf63c
- name: github.com/googleapis/gnostic
  version: 0c5108395e2debce0d731cf0287ddf7242066aba
  subpackages:
  - OpenAPIv2
  - compiler
  - extensions
- name: github.com/gorilla/context
  version: 14f550f51af52180c2eefed15e5fd18d63c0a64a
- name: github.com/gorilla/handlers
  version: 60c7bfde3e33c201519a200a4507a158cc03a17b
- name: github.com/gorilla/mux
  version: e444e69cbd2e2e3e0749a2f3c717cec491552bbf
- name: github.com/gorilla/securecookie
  version: e59506cc896acb7f7bf732d4fdf5e25f7ccd8983
- name: github.com/gorilla/sessions
  version: a3acf13e802c358d65f249324d14ed24aac11370
- name: github.com/gregjones/httpcache
  version: 787624de3eb7bd915c329cba748687a3b22666a6
  subpackages:
  - diskcache
- name: github.com/hashicorp/golang-lru
  version: a0d98a5f288019575c6d1f4bb1573fef2d1fcdc4
  subpackages:
  - simplelru
- name: github.com/howeyc/gopass
  version: bf9dde6d0d2c004a008c27aaee91170c786f6db8
- name: github.com/imdario/mergo
  version: 6633656539c1639d9d78127b7d47c622b5d7b6dc
- name: github.com/jmespath/go-jmespath
  version: 3433f3ea46d9f8019119e7dd41274e112a2359a9
- name: github.com/juju/ratelimit
  version: 5b9ff866471762aa2ab2dced63c9fb6f53921342
- name: github.com/mailru/easyjson
  version: d5b7844b561a7bc640052f1b935f7b800330d7e0
  subpackages:
  - buffer
  - jlexer
  - jwriter
- name: github.com/matttproud/golang_protobuf_extensions
  version: fc2b8d3a73c4867e51861bbdd5ae3c1f0869dd6a
  subpackages:
  - pbutil
- name: github.com/Microsoft/go-winio
  version: 78439966b38d69bf38227fbf57ac8a6fee70f69a
- name: github.com/mitchellh/go-wordwrap
  version: ad45545899c7b13c020ea92b2072220eefad42b8
- name: github.com/mitchellh/mapstructure
  version: 482a9fd5fa83e8c4e7817413b80f3eb8feec03ef
- name: github.com/ncw/swift
  version: ce444d6d47c51d4dda9202cd38f5094dd8e27e86
  subpackages:
  - swifttest
- name: github.com/opencontainers/go-digest
  version: 279bed98673dd5bef374d3b6e4b09e2af76183bf
- name: github.com/opencontainers/runc
  version: 4d6e6720a7c885c37b4cb083c0d372dda3425120
  subpackages:
  - libcontainer
  - libcontainer/apparmor
  - libcontainer/cgroups
  - libcontainer/cgroups/fs
  - libcontainer/cgroups/rootless
  - libcontainer/cgroups/systemd
  - libcontainer/configs
  - libcontainer/configs/validate
  - libcontainer/criurpc
  - libcontainer/keys
  - libcontainer/seccomp
  - libcontainer/stacktrace
  - libcontainer/system
  - libcontainer/user
  - libcontainer/utils
- name: github.com/openshift/api
  version: e9879b89dfe3162e9e36d0288d9179135c3ab7ec
  subpackages:
  - authorization/v1
  - image/docker10
  - image/dockerpre012
  - image/v1
  - pkg/serialization
  - project/v1
  - user/v1
- name: github.com/openshift/client-go
  version: 88ad6c78a5093a972e73a71716a16eccc7f27926
  subpackages:
  - authorization/clientset/versioned/scheme
  - authorization/clientset/versioned/typed/authorization/v1
  - image/clientset/versioned/scheme
  - image/clientset/versioned/typed/image/v1
  - image/clientset/versioned/typed/image/v1/fake
  - project/clientset/versioned/scheme
  - project/clientset/versioned/typed/project/v1
  - user/clientset/versioned/scheme
  - user/clientset/versioned/typed/user/v1
- name: github.com/openshift/origin
  version: 4f0db51ab1ca9e441b3b7466cac4c6f06dc8e3e8
  subpackages:
  - pkg/api/apihelpers
  - pkg/api/legacy
  - pkg/auth/api
  - pkg/auth/authenticator
  - pkg/auth/oauth/handlers
  - pkg/auth/prometheus
  - pkg/auth/server/csrf
  - pkg/auth/server/errorpage
  - pkg/auth/server/headers
  - pkg/auth/server/login
  - pkg/auth/server/session
  - pkg/auth/server/tokenrequest
  - pkg/auth/userregistry/identitymapper
  - pkg/authorization/apis/authorization
  - pkg/authorization/apis/authorization/internal/serviceaccount
  - pkg/authorization/apis/authorization/v1
  - pkg/authorization/authorizer
  - pkg/authorization/authorizer/scope
  - pkg/cmd/util/serviceability
  - pkg/cmd/util/term
  - pkg/cmd/util/tokencmd
  - pkg/image/admission
  - pkg/image/apis/image
  - pkg/image/apis/image/install
  - pkg/image/apis/image/internal/digest
  - pkg/image/apis/image/internal/reference
  - pkg/image/apis/image/v1
  - pkg/image/generated/internalclientset
  - pkg/image/generated/internalclientset/scheme
  - pkg/image/generated/internalclientset/typed/image/internalversion
  - pkg/image/importer
  - pkg/image/importer/dockerv1client
  - pkg/image/util
  - pkg/oauth/apis/oauth
  - pkg/oauth/apis/oauth/validation
  - pkg/oauth/scope
  - pkg/oauth/server/osinserver
  - pkg/oauth/util
  - pkg/project/apis/project
  - pkg/project/apis/project/v1
  - pkg/quota/util
  - pkg/user
  - pkg/user/apis/user
  - pkg/user/apis/user/install
  - pkg/user/apis/user/v1
  - pkg/user/apis/user/validation
  - pkg/user/generated/internalclientset/scheme
  - pkg/user/generated/internalclientset/typed/user/internalversion
  - pkg/util/httprequest
  - pkg/version
  - tools/junitreport/pkg/api
  - tools/junitreport/pkg/builder
  - tools/junitreport/pkg/builder/flat
  - tools/junitreport/pkg/builder/nested
  - tools/junitreport/pkg/cmd
  - tools/junitreport/pkg/parser
  - tools/junitreport/pkg/parser/gotest
  - tools/junitreport/pkg/parser/oscmd
  - tools/junitreport/pkg/parser/stack
- name: github.com/pborman/uuid
  version: ca53cad383cad2479bbba7f7a1a05797ec1386e4
- name: github.com/peterbourgon/diskv
  version: 5f041e8faa004a95c88a202771f4cc3e991971e6
- name: github.com/pkg/errors
  version: a22138067af1c4942683050411a841ade67fe1eb
- name: github.com/pkg/profile
  version: 5b67d428864e92711fcbd2f8629456121a56d91f
- name: github.com/prometheus/client_golang
  version: 661e31bf844dfca9aeba15f27ea8aa0d485ad212
  subpackages:
  - prometheus
- name: github.com/prometheus/client_model
  version: fa8ad6fec33561be4280a8f0514318c79d7f6cb6
  subpackages:
  - go
- name: github.com/prometheus/common
  version: 13ba4ddd0caa9c28ca7b7bffe1dfa9ed8d5ef207
  subpackages:
  - expfmt
  - internal/bitbucket.org/ww/goautoneg
  - model
- name: github.com/prometheus/procfs
  version: 65c1f6f8f0fc1e2185eb9863a3bc751496404259
  subpackages:
  - xfs
- name: github.com/PuerkitoBio/purell
  version: 8a290539e2e8629dbc4e6bad948158f790ec31f4
- name: github.com/PuerkitoBio/urlesc
  version: 5bd2802263f21d8788851d5305584c82a5c75d7e
- name: github.com/RangelReale/osin
  version: 829186e6c125f77df6d6ae0162a9ba59fad91e2d
- name: github.com/RangelReale/osincli
  version: fababb0555f21315d1a34af6615a16eaab44396b
- name: github.com/Sirupsen/logrus
  version: 55eb11d21d2a31a3cc93838241d04800f52e823d
- name: github.com/skynetservices/skydns
  version: 30763c4e568fe411f1663af553c063cec8879929
  repo: https://github.com/openshift/skynetservices-skydns
- name: github.com/spf13/pflag
  version: 9ff6c6923cfffbcd502984b8e0c80539a94968b7
- name: github.com/stevvooe/resumable
  version: 51ad44105773cafcbe91927f70ac68e1bf78f8b4
  subpackages:
  - sha256
  - sha512
- name: golang.org/x/crypto
  version: 81e90905daefcd6fd217b62423c0908922eadb30
  subpackages:
  - bcrypt
  - blowfish
  - nacl/secretbox
  - poly1305
  - salsa20/salsa
  - ssh/terminal
- name: golang.org/x/net
  version: 1c05540f6879653db88113bc4a2b70aec4bd491f
  subpackages:
  - context
  - context/ctxhttp
  - http2
  - http2/hpack
  - idna
  - internal/timeseries
  - lex/httplex
  - proxy
  - trace
- name: golang.org/x/oauth2
  version: 045497edb6234273d67dbc25da3f2ddbc4c4cacf
  subpackages:
  - google
  - internal
  - jws
  - jwt
- name: golang.org/x/sys
  version: 7ddbeae9ae08c6a06a59597f0c9edbc5ff2444ce
  subpackages:
  - unix
  - windows
- name: golang.org/x/text
  version: b19bf474d317b857955b12035d2c5acb57ce8b01
  subpackages:
  - cases
  - internal
  - internal/tag
  - language
  - runes
  - secure/bidirule
  - secure/precis
  - transform
  - unicode/bidi
  - unicode/norm
  - width
- name: google.golang.org/api
  version: 9bf6e6e569ff057f75d9604a46c52928f17d2b54
  subpackages:
  - gensupport
  - googleapi
  - googleapi/internal/uritemplates
  - storage/v1
- name: google.golang.org/appengine
  version: 12d5545dc1cfa6047a286d5e853841b6471f4c19
  subpackages:
  - internal
  - internal/app_identity
  - internal/base
  - internal/datastore
  - internal/log
  - internal/modules
  - internal/remote_api
  - internal/urlfetch
  - urlfetch
- name: google.golang.org/cloud
  version: 975617b05ea8a58727e6c1a06b6161ff4185a9f2
  subpackages:
  - compute/metadata
  - internal
  - internal/opts
  - storage
- name: google.golang.org/genproto
  version: 09f6ed296fc66555a25fe4ce95173148778dfa85
  subpackages:
  - googleapis/rpc/status
- name: google.golang.org/grpc
  version: d2e1b51f33ff8c5e4a15560ff049d200e83726c5
  subpackages:
  - codes
  - credentials
  - grpclb/grpc_lb_v1
  - grpclog
  - internal
  - keepalive
  - metadata
  - naming
  - peer
  - stats
  - status
  - tap
  - transport
- name: gopkg.in/inf.v0
  version: 3887ee99ecf07df5b447e9b00d9c0b2adaa9f3e4
- name: gopkg.in/yaml.v2
  version: 53feefa2559fb8dfa8d81baad31be332c97d6c77
- name: k8s.io/api
  version: e0e7dee8f8ff2f0619c1a3333285fad13da4d653
  repo: git@github.com:openshift/kubernetes-api
  subpackages:
  - admissionregistration/v1alpha1
  - apps/v1beta1
  - apps/v1beta2
  - authentication/v1
  - authentication/v1beta1
  - authorization/v1
  - authorization/v1beta1
  - autoscaling/v1
  - autoscaling/v2beta1
  - batch/v1
  - batch/v1beta1
  - batch/v2alpha1
  - certificates/v1beta1
  - core/v1
  - extensions/v1beta1
  - networking/v1
  - policy/v1beta1
  - rbac/v1
  - rbac/v1alpha1
  - rbac/v1beta1
  - scheduling/v1alpha1
  - settings/v1alpha1
  - storage/v1
  - storage/v1beta1
- name: k8s.io/apiextensions-apiserver
  version: a9c444885ca8ab423ed8fef3197e57425ce2136d
  repo: git@github.com:openshift/kubernetes-apiextensions-apiserver
  subpackages:
  - pkg/features
- name: k8s.io/apimachinery
  version: ba44dd94a3a5fde80c1d8017a51c85e051f4af67
  repo: git@github.com:openshift/kubernetes-apimachinery
  subpackages:
  - pkg/api/equality
  - pkg/api/errors
  - pkg/api/meta
  - pkg/api/resource
  - pkg/api/validation
  - pkg/api/validation/path
  - pkg/apimachinery
  - pkg/apimachinery/announced
  - pkg/apimachinery/registered
  - pkg/apis/meta/internalversion
  - pkg/apis/meta/v1
  - pkg/apis/meta/v1/unstructured
  - pkg/apis/meta/v1/validation
  - pkg/apis/meta/v1alpha1
  - pkg/conversion
  - pkg/conversion/queryparams
  - pkg/conversion/unstructured
  - pkg/fields
  - pkg/labels
  - pkg/runtime
  - pkg/runtime/schema
  - pkg/runtime/serializer
  - pkg/runtime/serializer/json
  - pkg/runtime/serializer/protobuf
  - pkg/runtime/serializer/recognizer
  - pkg/runtime/serializer/streaming
  - pkg/runtime/serializer/versioning
  - pkg/selection
  - pkg/types
  - pkg/util/cache
  - pkg/util/clock
  - pkg/util/diff
  - pkg/util/errors
  - pkg/util/framer
  - pkg/util/httpstream
  - pkg/util/httpstream/spdy
  - pkg/util/intstr
  - pkg/util/json
  - pkg/util/net
  - pkg/util/rand
  - pkg/util/remotecommand
  - pkg/util/runtime
  - pkg/util/sets
  - pkg/util/validation
  - pkg/util/validation/field
  - pkg/util/wait
  - pkg/util/yaml
  - pkg/version
  - pkg/watch
  - third_party/forked/golang/netutil
  - third_party/forked/golang/reflect
- name: k8s.io/apiserver
  version: 2de24229c275a4d2e0376b18a7929e33a35e7283
  repo: git@github.com:openshift/kubernetes-apiserver
  subpackages:
  - pkg/admission
  - pkg/apis/apiserver
  - pkg/apis/apiserver/install
  - pkg/apis/apiserver/v1alpha1
  - pkg/apis/audit
  - pkg/authentication/serviceaccount
  - pkg/authentication/user
  - pkg/authorization/authorizer
  - pkg/endpoints/request
  - pkg/features
  - pkg/util/feature
  - pkg/util/logs
- name: k8s.io/client-go
  version: c8ec8a52f4d7fb5eb94f0440545d5dd43f50a8ed
  repo: git@github.com:openshift/kubernetes-client-go
  subpackages:
  - discovery
  - kubernetes
  - kubernetes/scheme
  - kubernetes/typed/admissionregistration/v1alpha1
  - kubernetes/typed/apps/v1beta1
  - kubernetes/typed/apps/v1beta2
  - kubernetes/typed/authentication/v1
  - kubernetes/typed/authentication/v1beta1
  - kubernetes/typed/authorization/v1
  - kubernetes/typed/authorization/v1beta1
  - kubernetes/typed/autoscaling/v1
  - kubernetes/typed/autoscaling/v2beta1
  - kubernetes/typed/batch/v1
  - kubernetes/typed/batch/v1beta1
  - kubernetes/typed/batch/v2alpha1
  - kubernetes/typed/certificates/v1beta1
  - kubernetes/typed/core/v1
  - kubernetes/typed/extensions/v1beta1
  - kubernetes/typed/networking/v1
  - kubernetes/typed/policy/v1beta1
  - kubernetes/typed/rbac/v1
  - kubernetes/typed/rbac/v1alpha1
  - kubernetes/typed/rbac/v1beta1
  - kubernetes/typed/scheduling/v1alpha1
  - kubernetes/typed/settings/v1alpha1
  - kubernetes/typed/storage/v1
  - kubernetes/typed/storage/v1beta1
  - pkg/version
  - rest
  - rest/watch
  - testing
  - tools/auth
  - tools/cache
  - tools/clientcmd
  - tools/clientcmd/api
  - tools/clientcmd/api/latest
  - tools/clientcmd/api/v1
  - tools/metrics
  - tools/pager
  - tools/reference
  - tools/remotecommand
  - transport
  - transport/spdy
  - util/cert
  - util/exec
  - util/flowcontrol
  - util/homedir
  - util/integer
- name: k8s.io/code-generator
  version: a06bcdd8201ccfce73e0c985cbd45612f69eb1aa
  repo: git@github.com:openshift/kubernetes-code-generator
- name: k8s.io/kube-aggregator
  version: 3630994f42eedb88315a5c45d91daf7bb6ce7819
  repo: git@github.com:openshift/kube-aggregator
- name: k8s.io/kube-openapi
  version: 868f2f29720b192240e18284659231b440f9cda5
  subpackages:
  - pkg/common
- name: k8s.io/kubernetes
  version: 4d6841e45420c47fcf26b19ab5c6b11651820706
  repo: git@github.com:openshift/kubernetes
  subpackages:
  - pkg/api
  - pkg/api/helper
  - pkg/api/install
  - pkg/api/ref
  - pkg/api/service
  - pkg/api/util
  - pkg/api/v1
  - pkg/api/v1/helper
  - pkg/api/v1/helper/qos
  - pkg/api/validation
  - pkg/apis/admissionregistration
  - pkg/apis/admissionregistration/install
  - pkg/apis/admissionregistration/v1alpha1
  - pkg/apis/apps
  - pkg/apis/apps/install
  - pkg/apis/apps/v1beta1
  - pkg/apis/apps/v1beta2
  - pkg/apis/authentication
  - pkg/apis/authentication/install
  - pkg/apis/authentication/v1
  - pkg/apis/authentication/v1beta1
  - pkg/apis/authorization
  - pkg/apis/authorization/install
  - pkg/apis/authorization/v1
  - pkg/apis/authorization/v1beta1
  - pkg/apis/autoscaling
  - pkg/apis/autoscaling/install
  - pkg/apis/autoscaling/v1
  - pkg/apis/autoscaling/v2beta1
  - pkg/apis/batch
  - pkg/apis/batch/install
  - pkg/apis/batch/v1
  - pkg/apis/batch/v1beta1
  - pkg/apis/batch/v2alpha1
  - pkg/apis/certificates
  - pkg/apis/certificates/install
  - pkg/apis/certificates/v1beta1
  - pkg/apis/componentconfig
  - pkg/apis/componentconfig/install
  - pkg/apis/componentconfig/v1alpha1
  - pkg/apis/extensions
  - pkg/apis/extensions/install
  - pkg/apis/extensions/v1beta1
  - pkg/apis/networking
  - pkg/apis/networking/install
  - pkg/apis/networking/v1
  - pkg/apis/policy
  - pkg/apis/policy/install
  - pkg/apis/policy/v1beta1
  - pkg/apis/rbac
  - pkg/apis/rbac/install
  - pkg/apis/rbac/v1
  - pkg/apis/rbac/v1alpha1
  - pkg/apis/rbac/v1beta1
  - pkg/apis/scheduling
  - pkg/apis/scheduling/install
  - pkg/apis/scheduling/v1alpha1
  - pkg/apis/settings
  - pkg/apis/settings/install
  - pkg/apis/settings/v1alpha1
  - pkg/apis/storage
  - pkg/apis/storage/install
  - pkg/apis/storage/v1
  - pkg/apis/storage/v1beta1
  - pkg/capabilities
  - pkg/client/clientset_generated/internalclientset
  - pkg/client/clientset_generated/internalclientset/scheme
  - pkg/client/clientset_generated/internalclientset/typed/admissionregistration/internalversion
  - pkg/client/clientset_generated/internalclientset/typed/apps/internalversion
  - pkg/client/clientset_generated/internalclientset/typed/authentication/internalversion
  - pkg/client/clientset_generated/internalclientset/typed/authorization/internalversion
  - pkg/client/clientset_generated/internalclientset/typed/autoscaling/internalversion
  - pkg/client/clientset_generated/internalclientset/typed/batch/internalversion
  - pkg/client/clientset_generated/internalclientset/typed/certificates/internalversion
  - pkg/client/clientset_generated/internalclientset/typed/core/internalversion
  - pkg/client/clientset_generated/internalclientset/typed/extensions/internalversion
  - pkg/client/clientset_generated/internalclientset/typed/networking/internalversion
  - pkg/client/clientset_generated/internalclientset/typed/policy/internalversion
  - pkg/client/clientset_generated/internalclientset/typed/rbac/internalversion
  - pkg/client/clientset_generated/internalclientset/typed/scheduling/internalversion
  - pkg/client/clientset_generated/internalclientset/typed/settings/internalversion
  - pkg/client/clientset_generated/internalclientset/typed/storage/internalversion
  - pkg/client/informers/informers_generated/internalversion
  - pkg/client/informers/informers_generated/internalversion/admissionregistration
  - pkg/client/informers/informers_generated/internalversion/admissionregistration/internalversion
  - pkg/client/informers/informers_generated/internalversion/apps
  - pkg/client/informers/informers_generated/internalversion/apps/internalversion
  - pkg/client/informers/informers_generated/internalversion/autoscaling
  - pkg/client/informers/informers_generated/internalversion/autoscaling/internalversion
  - pkg/client/informers/informers_generated/internalversion/batch
  - pkg/client/informers/informers_generated/internalversion/batch/internalversion
  - pkg/client/informers/informers_generated/internalversion/certificates
  - pkg/client/informers/informers_generated/internalversion/certificates/internalversion
  - pkg/client/informers/informers_generated/internalversion/core
  - pkg/client/informers/informers_generated/internalversion/core/internalversion
  - pkg/client/informers/informers_generated/internalversion/extensions
  - pkg/client/informers/informers_generated/internalversion/extensions/internalversion
  - pkg/client/informers/informers_generated/internalversion/internalinterfaces
  - pkg/client/informers/informers_generated/internalversion/networking
  - pkg/client/informers/informers_generated/internalversion/networking/internalversion
  - pkg/client/informers/informers_generated/internalversion/policy
  - pkg/client/informers/informers_generated/internalversion/policy/internalversion
  - pkg/client/informers/informers_generated/internalversion/rbac
  - pkg/client/informers/informers_generated/internalversion/rbac/internalversion
  - pkg/client/informers/informers_generated/internalversion/scheduling
  - pkg/client/informers/informers_generated/internalversion/scheduling/internalversion
  - pkg/client/informers/informers_generated/internalversion/settings
  - pkg/client/informers/informers_generated/internalversion/settings/internalversion
  - pkg/client/informers/informers_generated/internalversion/storage
  - pkg/client/informers/informers_generated/internalversion/storage/internalversion
  - pkg/client/listers/admissionregistration/internalversion
  - pkg/client/listers/apps/internalversion
  - pkg/client/listers/autoscaling/internalversion
  - pkg/client/listers/batch/internalversion
  - pkg/client/listers/certificates/internalversion
  - pkg/client/listers/core/internalversion
  - pkg/client/listers/extensions/internalversion
  - pkg/client/listers/networking/internalversion
  - pkg/client/listers/policy/internalversion
  - pkg/client/listers/rbac/internalversion
  - pkg/client/listers/scheduling/internalversion
  - pkg/client/listers/settings/internalversion
  - pkg/client/listers/storage/internalversion
  - pkg/credentialprovider
  - pkg/features
  - pkg/kubeapiserver/admission
  - pkg/kubectl/util/term
  - pkg/kubelet/apis
  - pkg/kubelet/qos
  - pkg/kubelet/types
  - pkg/master/ports
  - pkg/quota
  - pkg/registry/rbac/validation
  - pkg/security/apparmor
  - pkg/util/file
  - pkg/util/interrupt
  - pkg/util/net/sets
  - pkg/util/parsers
  - pkg/util/pointer
  - pkg/version
  - plugin/pkg/admission/limitranger
  - plugin/pkg/auth/authorizer/rbac
- name: k8s.io/metrics
  version: 1ee7b834c6ed638049310839aad9b99a6b6b500c
  repo: git@github.com:openshift/kubernetes-metrics
testImports: []
